
Microsoft Visual Studio Solution File, Format Version 12.00
# Visual Studio 14
VisualStudioVersion = 14.0.25420.1
MinimumVisualStudioVersion = 10.0.40219.1
Project("{FAE04EC0-301F-11D3-BF4B-00C04F79EFBC}") = "Test.Fluentmigrator", "Test.Fluentmigrator\Test.Fluentmigrator.csproj", "{EE0765E6-9DCE-4082-A151-350E6DA20F51}"
EndProject
Project("{FAE04EC0-301F-11D3-BF4B-00C04F79EFBC}") = "Test.FluentMigrator.Test", "Test.FluentMigrator.Test\Test.FluentMigrator.Test.csproj", "{0452F13E-D5A0-402E-84BA-F01CC7B01CBD}"
EndProject
Global
	GlobalSection(SolutionConfigurationPlatforms) = preSolution
		Debug|Any CPU = Debug|Any CPU
		Release|Any CPU = Release|Any CPU
	EndGlobalSection
	GlobalSection(ProjectConfigurationPlatforms) = postSolution
		{EE0765E6-9DCE-4082-A151-350E6DA20F51}.Debug|Any CPU.ActiveCfg = Debug|Any CPU
		{EE0765E6-9DCE-4082-A151-350E6DA20F51}.Debug|Any CPU.Build.0 = Debug|Any CPU
		{EE0765E6-9DCE-4082-A151-350E6DA20F51}.Release|Any CPU.ActiveCfg = Release|Any CPU
		{EE0765E6-9DCE-4082-A151-350E6DA20F51}.Release|Any CPU.Build.0 = Release|Any CPU
		{0452F13E-D5A0-402E-84BA-F01CC7B01CBD}.Debug|Any CPU.ActiveCfg = Debug|Any CPU
		{0452F13E-D5A0-402E-84BA-F01CC7B01CBD}.Debug|Any CPU.Build.0 = Debug|Any CPU
		{0452F13E-D5A0-402E-84BA-F01CC7B01CBD}.Release|Any CPU.ActiveCfg = Release|Any CPU
		{0452F13E-D5A0-402E-84BA-F01CC7B01CBD}.Release|Any CPU.Build.0 = Release|Any CPU
	EndGlobalSection
	GlobalSection(SolutionProperties) = preSolution
		HideSolutionNode = FALSE
	EndGlobalSection
EndGlobal
